
Microsoft Visual Studio Solution File, Format Version 12.00
Project("{FAE04EC0-301F-11D3-BF4B-00C04F79EFBC}") = "GymManagment.Api", "GymManagment.Api\GymManagment.Api.csproj", "{594DF7E4-62D5-4B17-AD08-153332DF2B07}"
EndProject
Project("{FAE04EC0-301F-11D3-BF4B-00C04F79EFBC}") = "GymManagment.Application", "GymManagment.Application\GymManagment.Application.csproj", "{1A31FFDB-2DD1-46F3-9166-47350071C52F}"
EndProject
Project("{FAE04EC0-301F-11D3-BF4B-00C04F79EFBC}") = "GymManagment.Domain", "GymManagment.Domain\GymManagment.Domain.csproj", "{6360F97F-D5C8-4267-BAF4-3527E84B01D7}"
EndProject
Project("{FAE04EC0-301F-11D3-BF4B-00C04F79EFBC}") = "GymManagment.Infrastructure", "GymManagment.Infrastructure\GymManagment.Infrastructure.csproj", "{B0957F9B-58E6-4752-BBD1-2F1B438E624D}"
EndProject
Project("{FAE04EC0-301F-11D3-BF4B-00C04F79EFBC}") = "GymManagment.Contracts", "GymManagment.Contracts\GymManagment.Contracts.csproj", "{AC7BB164-A49A-40CD-8D59-5BD29008D3FE}"
EndProject
Project("{2150E333-8FDC-42A3-9474-1A3956D46DE8}") = "Requests", "Requests", "{EC1DF1E9-5A41-46EC-A209-B7A470C62066}"
	ProjectSection(SolutionItems) = preProject
		requests\Gyms\AddTrainer.http = requests\Gyms\AddTrainer.http
		requests\Gyms\CreateGym.http = requests\Gyms\CreateGym.http
		requests\Gyms\DeleteGym.http = requests\Gyms\DeleteGym.http
		requests\Gyms\ListGyms.http = requests\Gyms\ListGyms.http
		requests\Rooms\CreateRoom.http = requests\Rooms\CreateRoom.http
		requests\Rooms\DeleteRoom.http = requests\Rooms\DeleteRoom.http
		requests\Subscriptions\CreateSubscription.http = requests\Subscriptions\CreateSubscription.http
		requests\Subscriptions\DeleteSubscription.http = requests\Subscriptions\DeleteSubscription.http
		requests\Subscriptions\GetSubscription.http = requests\Subscriptions\GetSubscription.http
	EndProjectSection
EndProject
Project("{2150E333-8FDC-42A3-9474-1A3956D46DE8}") = "tests", "tests", "{80E5F797-CB3D-4F64-A8E8-63B3282623E0}"
EndProject
Project("{FAE04EC0-301F-11D3-BF4B-00C04F79EFBC}") = "TestCommon", "tests\TestCommon\TestCommon.csproj", "{8FF11D5E-BB35-4E59-881E-C8B8523EC072}"
EndProject
Project("{FAE04EC0-301F-11D3-BF4B-00C04F79EFBC}") = "GymManagment.Domain.UnitTests", "tests\GymManagment.Domain.UnitTests\GymManagment.Domain.UnitTests.csproj", "{4201558F-C696-4297-9E9D-4340C69F2313}"
EndProject
Global
	GlobalSection(SolutionConfigurationPlatforms) = preSolution
		Debug|Any CPU = Debug|Any CPU
		Release|Any CPU = Release|Any CPU
	EndGlobalSection
	GlobalSection(ProjectConfigurationPlatforms) = postSolution
		{594DF7E4-62D5-4B17-AD08-153332DF2B07}.Debug|Any CPU.ActiveCfg = Debug|Any CPU
		{594DF7E4-62D5-4B17-AD08-153332DF2B07}.Debug|Any CPU.Build.0 = Debug|Any CPU
		{594DF7E4-62D5-4B17-AD08-153332DF2B07}.Release|Any CPU.ActiveCfg = Release|Any CPU
		{594DF7E4-62D5-4B17-AD08-153332DF2B07}.Release|Any CPU.Build.0 = Release|Any CPU
		{1A31FFDB-2DD1-46F3-9166-47350071C52F}.Debug|Any CPU.ActiveCfg = Debug|Any CPU
		{1A31FFDB-2DD1-46F3-9166-47350071C52F}.Debug|Any CPU.Build.0 = Debug|Any CPU
		{1A31FFDB-2DD1-46F3-9166-47350071C52F}.Release|Any CPU.ActiveCfg = Release|Any CPU
		{1A31FFDB-2DD1-46F3-9166-47350071C52F}.Release|Any CPU.Build.0 = Release|Any CPU
		{6360F97F-D5C8-4267-BAF4-3527E84B01D7}.Debug|Any CPU.ActiveCfg = Debug|Any CPU
		{6360F97F-D5C8-4267-BAF4-3527E84B01D7}.Debug|Any CPU.Build.0 = Debug|Any CPU
		{6360F97F-D5C8-4267-BAF4-3527E84B01D7}.Release|Any CPU.ActiveCfg = Release|Any CPU
		{6360F97F-D5C8-4267-BAF4-3527E84B01D7}.Release|Any CPU.Build.0 = Release|Any CPU
		{B0957F9B-58E6-4752-BBD1-2F1B438E624D}.Debug|Any CPU.ActiveCfg = Debug|Any CPU
		{B0957F9B-58E6-4752-BBD1-2F1B438E624D}.Debug|Any CPU.Build.0 = Debug|Any CPU
		{B0957F9B-58E6-4752-BBD1-2F1B438E624D}.Release|Any CPU.ActiveCfg = Release|Any CPU
		{B0957F9B-58E6-4752-BBD1-2F1B438E624D}.Release|Any CPU.Build.0 = Release|Any CPU
		{AC7BB164-A49A-40CD-8D59-5BD29008D3FE}.Debug|Any CPU.ActiveCfg = Debug|Any CPU
		{AC7BB164-A49A-40CD-8D59-5BD29008D3FE}.Debug|Any CPU.Build.0 = Debug|Any CPU
		{AC7BB164-A49A-40CD-8D59-5BD29008D3FE}.Release|Any CPU.ActiveCfg = Release|Any CPU
		{AC7BB164-A49A-40CD-8D59-5BD29008D3FE}.Release|Any CPU.Build.0 = Release|Any CPU
		{8FF11D5E-BB35-4E59-881E-C8B8523EC072}.Debug|Any CPU.ActiveCfg = Debug|Any CPU
		{8FF11D5E-BB35-4E59-881E-C8B8523EC072}.Debug|Any CPU.Build.0 = Debug|Any CPU
		{8FF11D5E-BB35-4E59-881E-C8B8523EC072}.Release|Any CPU.ActiveCfg = Release|Any CPU
		{8FF11D5E-BB35-4E59-881E-C8B8523EC072}.Release|Any CPU.Build.0 = Release|Any CPU
		{4201558F-C696-4297-9E9D-4340C69F2313}.Debug|Any CPU.ActiveCfg = Debug|Any CPU
		{4201558F-C696-4297-9E9D-4340C69F2313}.Debug|Any CPU.Build.0 = Debug|Any CPU
		{4201558F-C696-4297-9E9D-4340C69F2313}.Release|Any CPU.ActiveCfg = Release|Any CPU
		{4201558F-C696-4297-9E9D-4340C69F2313}.Release|Any CPU.Build.0 = Release|Any CPU
	EndGlobalSection
	GlobalSection(NestedProjects) = preSolution
		{8FF11D5E-BB35-4E59-881E-C8B8523EC072} = {80E5F797-CB3D-4F64-A8E8-63B3282623E0}
		{4201558F-C696-4297-9E9D-4340C69F2313} = {80E5F797-CB3D-4F64-A8E8-63B3282623E0}
	EndGlobalSection
EndGlobal
