
Microsoft Visual Studio Solution File, Format Version 12.00
Project("{2150E333-8FDC-42A3-9474-1A3956D46DE8}") = "src", "src", "{84F5A1EE-66DC-4581-98EF-52672DBC6395}"
EndProject
Project("{FAE04EC0-301F-11D3-BF4B-00C04F79EFBC}") = "DomeGym.Domain", "src\DomeGym.Domain\DomeGym.Domain.csproj", "{21CBCBC7-E98D-4E3F-A7E8-6752DA6D713D}"
EndProject
Project("{2150E333-8FDC-42A3-9474-1A3956D46DE8}") = "tests", "tests", "{7905885C-6F02-4742-848F-93C624008C5F}"
EndProject
Project("{FAE04EC0-301F-11D3-BF4B-00C04F79EFBC}") = "DomeGym.Domain.UnitTests", "tests\DomeGym.Domain.UnitTests\DomeGym.Domain.UnitTests.csproj", "{962D1633-84FF-4B74-A9D4-E3D939D06A6A}"
EndProject
Global
	GlobalSection(SolutionConfigurationPlatforms) = preSolution
		Debug|Any CPU = Debug|Any CPU
		Release|Any CPU = Release|Any CPU
	EndGlobalSection
	GlobalSection(NestedProjects) = preSolution
		{21CBCBC7-E98D-4E3F-A7E8-6752DA6D713D} = {84F5A1EE-66DC-4581-98EF-52672DBC6395}
		{962D1633-84FF-4B74-A9D4-E3D939D06A6A} = {7905885C-6F02-4742-848F-93C624008C5F}
	EndGlobalSection
	GlobalSection(ProjectConfigurationPlatforms) = postSolution
		{21CBCBC7-E98D-4E3F-A7E8-6752DA6D713D}.Debug|Any CPU.ActiveCfg = Debug|Any CPU
		{21CBCBC7-E98D-4E3F-A7E8-6752DA6D713D}.Debug|Any CPU.Build.0 = Debug|Any CPU
		{21CBCBC7-E98D-4E3F-A7E8-6752DA6D713D}.Release|Any CPU.ActiveCfg = Release|Any CPU
		{21CBCBC7-E98D-4E3F-A7E8-6752DA6D713D}.Release|Any CPU.Build.0 = Release|Any CPU
		{962D1633-84FF-4B74-A9D4-E3D939D06A6A}.Debug|Any CPU.ActiveCfg = Debug|Any CPU
		{962D1633-84FF-4B74-A9D4-E3D939D06A6A}.Debug|Any CPU.Build.0 = Debug|Any CPU
		{962D1633-84FF-4B74-A9D4-E3D939D06A6A}.Release|Any CPU.ActiveCfg = Release|Any CPU
		{962D1633-84FF-4B74-A9D4-E3D939D06A6A}.Release|Any CPU.Build.0 = Release|Any CPU
	EndGlobalSection
EndGlobal
